
Microsoft Visual Studio Solution File, Format Version 12.00
# Visual Studio 2012
Project("{FAE04EC0-301F-11D3-BF4B-00C04F79EFBC}") = "apc.CodePractice.mvc", "apc.CodePractice.mvc\apc.CodePractice.mvc.csproj", "{8F1AE8FD-DE36-48D8-93A3-FF97CA5F5AD7}"
EndProject
Project("{FAE04EC0-301F-11D3-BF4B-00C04F79EFBC}") = "apc.CodePractice.mvc.Tests", "apc.CodePractice.mvc.Tests\apc.CodePractice.mvc.Tests.csproj", "{5039ED46-2784-4001-8AF3-588F85BF495E}"
EndProject
Global
	GlobalSection(SolutionConfigurationPlatforms) = preSolution
		Debug|Any CPU = Debug|Any CPU
		Release|Any CPU = Release|Any CPU
	EndGlobalSection
	GlobalSection(ProjectConfigurationPlatforms) = postSolution
		{8F1AE8FD-DE36-48D8-93A3-FF97CA5F5AD7}.Debug|Any CPU.ActiveCfg = Debug|Any CPU
		{8F1AE8FD-DE36-48D8-93A3-FF97CA5F5AD7}.Debug|Any CPU.Build.0 = Debug|Any CPU
		{8F1AE8FD-DE36-48D8-93A3-FF97CA5F5AD7}.Release|Any CPU.ActiveCfg = Release|Any CPU
		{8F1AE8FD-DE36-48D8-93A3-FF97CA5F5AD7}.Release|Any CPU.Build.0 = Release|Any CPU
		{5039ED46-2784-4001-8AF3-588F85BF495E}.Debug|Any CPU.ActiveCfg = Debug|Any CPU
		{5039ED46-2784-4001-8AF3-588F85BF495E}.Debug|Any CPU.Build.0 = Debug|Any CPU
		{5039ED46-2784-4001-8AF3-588F85BF495E}.Release|Any CPU.ActiveCfg = Release|Any CPU
		{5039ED46-2784-4001-8AF3-588F85BF495E}.Release|Any CPU.Build.0 = Release|Any CPU
	EndGlobalSection
	GlobalSection(SolutionProperties) = preSolution
		HideSolutionNode = FALSE
	EndGlobalSection
EndGlobal
